{
    "_readme": [
        "This file locks the dependencies of your project to a known state",
        "Read more about it at https://getcomposer.org/doc/01-basic-usage.md#installing-dependencies",
        "This file is @generated automatically"
    ],
    "content-hash": "baa7426f730e8c167894196e2e1dd2fc",
    "packages": [
        {
            "name": "fajarnugraha/mischelper",
            "version": "v0.1",
            "source": {
                "type": "git",
                "url": "https://github.com/fajarnugraha/mischelper.git",
                "reference": "edee778d73bb8b1cd10103b57b7d605bc10602a3"
            },
            "dist": {
                "type": "zip",
                "url": "https://api.github.com/repos/fajarnugraha/mischelper/zipball/edee778d73bb8b1cd10103b57b7d605bc10602a3",
                "reference": "edee778d73bb8b1cd10103b57b7d605bc10602a3",
                "shasum": ""
            },
            "type": "library",
            "autoload": {
                "psr-4": {
                    "MiscHelper\\": "src/"
                }
            },
            "notification-url": "https://packagist.org/downloads/",
            "license": [
                "AGPL-3.0-or-later"
            ],
            "authors": [
                {
                    "name": "Fajar A. Nugraha",
                    "email": "github@fajar.net"
                }
            ],
            "description": "Miscelaneous helper classes",
            "support": {
                "issues": "https://github.com/fajarnugraha/mischelper/issues",
                "source": "https://github.com/fajarnugraha/mischelper/tree/v0.1"
            },
            "time": "2020-12-29T08:42:41+00:00"
        }
    ],
    "packages-dev": [],
    "aliases": [],
    "minimum-stability": "stable",
    "stability-flags": [],
    "prefer-stable": false,
    "prefer-lowest": false,
    "platform": [],
    "platform-dev": [],
    "plugin-api-version": "2.0.0"
}
