{
    "_readme": [
        "This file locks the dependencies of your project to a known state",
        "Read more about it at https://getcomposer.org/doc/01-basic-usage.md#installing-dependencies",
        "This file is @generated automatically"
    ],
    "content-hash": "b53f3fcc3e54ae689ce2df17fb8c9dbe",
    "packages": [
        {
            "name": "fajarnugraha/mischelper",
            "version": "v0.3",
            "source": {
                "type": "git",
                "url": "https://github.com/fajarnugraha/mischelper.git",
                "reference": "9d6ab33645a47aebe8102f5e8242bad27e958df6"
            },
            "dist": {
                "type": "zip",
                "url": "https://api.github.com/repos/fajarnugraha/mischelper/zipball/9d6ab33645a47aebe8102f5e8242bad27e958df6",
                "reference": "9d6ab33645a47aebe8102f5e8242bad27e958df6",
                "shasum": ""
            },
            "type": "library",
            "autoload": {
                "psr-4": {
                    "MiscHelper\\": "src/"
                }
            },
            "notification-url": "https://packagist.org/downloads/",
            "license": [
                "AGPL-3.0-or-later"
            ],
            "authors": [
                {
                    "name": "Fajar A. Nugraha",
                    "email": "github@fajar.net"
                }
            ],
            "description": "Miscelaneous helper classes",
            "support": {
                "issues": "https://github.com/fajarnugraha/mischelper/issues",
                "source": "https://github.com/fajarnugraha/mischelper/tree/v0.3"
            },
            "time": "2020-12-31T07:24:46+00:00"
        }
    ],
    "packages-dev": [],
    "aliases": [],
    "minimum-stability": "stable",
    "stability-flags": [],
    "prefer-stable": false,
    "prefer-lowest": false,
    "platform": [],
    "platform-dev": [],
    "plugin-api-version": "2.0.0"
}
